
Microsoft Visual Studio Solution File, Format Version 12.00
# Visual Studio 15
VisualStudioVersion = 15.0.25807.0
MinimumVisualStudioVersion = 10.0.40219.1
Project("{2150E333-8FDC-42A3-9474-1A3956D46DE8}") = "Engine", "Engine", "{DD74A4A3-587F-4ADC-BF86-923C2E9FD810}"
EndProject
Project("{2150E333-8FDC-42A3-9474-1A3956D46DE8}") = "Games", "Games", "{D22C644D-DC5A-4D18-BC28-DCF49F8B4982}"
EndProject
Project("{8BC9CEB8-8B4A-11D0-8D11-00A0C91BC942}") = "UE4", "Intermediate\ProjectFiles\UE4.vcxproj", "{EE2D9076-175D-416A-93D1-50A7DC6A356F}"
EndProject
Project("{8BC9CEB8-8B4A-11D0-8D11-00A0C91BC942}") = "UnrealCarpole", "Intermediate\ProjectFiles\UnrealCarpole.vcxproj", "{51D4BF62-05AD-4887-9507-021A4E99DE3E}"
EndProject
Global
	GlobalSection(SolutionConfigurationPlatforms) = preSolution
		DebugGame Editor|HTML5 = DebugGame Editor|HTML5
		DebugGame Editor|Win32 = DebugGame Editor|Win32
		DebugGame Editor|Win64 = DebugGame Editor|Win64
		DebugGame|HTML5 = DebugGame|HTML5
		DebugGame|Win32 = DebugGame|Win32
		DebugGame|Win64 = DebugGame|Win64
		Development Editor|HTML5 = Development Editor|HTML5
		Development Editor|Win32 = Development Editor|Win32
		Development Editor|Win64 = Development Editor|Win64
		Development|HTML5 = Development|HTML5
		Development|Win32 = Development|Win32
		Development|Win64 = Development|Win64
		Shipping|HTML5 = Shipping|HTML5
		Shipping|Win32 = Shipping|Win32
		Shipping|Win64 = Shipping|Win64
	EndGlobalSection
	GlobalSection(ProjectConfigurationPlatforms) = postSolution
		{51D4BF62-05AD-4887-9507-021A4E99DE3E}.DebugGame Editor|HTML5.ActiveCfg = HTML5_DebugGame_Editor|Win32
		{51D4BF62-05AD-4887-9507-021A4E99DE3E}.DebugGame Editor|Win32.ActiveCfg = DebugGame_Editor|Win32
		{51D4BF62-05AD-4887-9507-021A4E99DE3E}.DebugGame Editor|Win64.ActiveCfg = DebugGame_Editor|x64
		{51D4BF62-05AD-4887-9507-021A4E99DE3E}.DebugGame Editor|Win64.Build.0 = DebugGame_Editor|x64
		{51D4BF62-05AD-4887-9507-021A4E99DE3E}.DebugGame|HTML5.ActiveCfg = HTML5_DebugGame_Game|Win32
		{51D4BF62-05AD-4887-9507-021A4E99DE3E}.DebugGame|HTML5.Build.0 = HTML5_DebugGame_Game|Win32
		{51D4BF62-05AD-4887-9507-021A4E99DE3E}.DebugGame|Win32.ActiveCfg = DebugGame_Game|Win32
		{51D4BF62-05AD-4887-9507-021A4E99DE3E}.DebugGame|Win32.Build.0 = DebugGame_Game|Win32
		{51D4BF62-05AD-4887-9507-021A4E99DE3E}.DebugGame|Win64.ActiveCfg = DebugGame_Game|x64
		{51D4BF62-05AD-4887-9507-021A4E99DE3E}.DebugGame|Win64.Build.0 = DebugGame_Game|x64
		{51D4BF62-05AD-4887-9507-021A4E99DE3E}.Development Editor|HTML5.ActiveCfg = HTML5_Development_Editor|Win32
		{51D4BF62-05AD-4887-9507-021A4E99DE3E}.Development Editor|Win32.ActiveCfg = Development_Editor|Win32
		{51D4BF62-05AD-4887-9507-021A4E99DE3E}.Development Editor|Win64.ActiveCfg = Development_Editor|x64
		{51D4BF62-05AD-4887-9507-021A4E99DE3E}.Development Editor|Win64.Build.0 = Development_Editor|x64
		{51D4BF62-05AD-4887-9507-021A4E99DE3E}.Development|HTML5.ActiveCfg = HTML5_Development_Game|Win32
		{51D4BF62-05AD-4887-9507-021A4E99DE3E}.Development|HTML5.Build.0 = HTML5_Development_Game|Win32
		{51D4BF62-05AD-4887-9507-021A4E99DE3E}.Development|Win32.ActiveCfg = Development_Game|Win32
		{51D4BF62-05AD-4887-9507-021A4E99DE3E}.Development|Win32.Build.0 = Development_Game|Win32
		{51D4BF62-05AD-4887-9507-021A4E99DE3E}.Development|Win64.ActiveCfg = Development_Game|x64
		{51D4BF62-05AD-4887-9507-021A4E99DE3E}.Development|Win64.Build.0 = Development_Game|x64
		{51D4BF62-05AD-4887-9507-021A4E99DE3E}.Shipping|HTML5.ActiveCfg = HTML5_Shipping_Game|Win32
		{51D4BF62-05AD-4887-9507-021A4E99DE3E}.Shipping|HTML5.Build.0 = HTML5_Shipping_Game|Win32
		{51D4BF62-05AD-4887-9507-021A4E99DE3E}.Shipping|Win32.ActiveCfg = Shipping_Game|Win32
		{51D4BF62-05AD-4887-9507-021A4E99DE3E}.Shipping|Win32.Build.0 = Shipping_Game|Win32
		{51D4BF62-05AD-4887-9507-021A4E99DE3E}.Shipping|Win64.ActiveCfg = Shipping_Game|x64
		{51D4BF62-05AD-4887-9507-021A4E99DE3E}.Shipping|Win64.Build.0 = Shipping_Game|x64
	EndGlobalSection
	GlobalSection(SolutionProperties) = preSolution
		HideSolutionNode = FALSE
	EndGlobalSection
	GlobalSection(NestedProjects) = preSolution
		{EE2D9076-175D-416A-93D1-50A7DC6A356F} = {DD74A4A3-587F-4ADC-BF86-923C2E9FD810}
		{51D4BF62-05AD-4887-9507-021A4E99DE3E} = {D22C644D-DC5A-4D18-BC28-DCF49F8B4982}
	EndGlobalSection
EndGlobal
